
Microsoft Visual Studio Solution File, Format Version 12.00
# Visual Studio Version 17
VisualStudioVersion = 17.10.35122.118
MinimumVisualStudioVersion = 10.0.40219.1
Project("{9A19103F-16F7-4668-BE54-9A1E7A4F7556}") = "ProjectAPI", "ProjectAPI.csproj", "{6E41EAA2-4C85-4A5D-AC78-6B16B4E044F2}"
EndProject
Global
	GlobalSection(SolutionConfigurationPlatforms) = preSolution
		Debug|Any CPU = Debug|Any CPU
		Release|Any CPU = Release|Any CPU
	EndGlobalSection
	GlobalSection(ProjectConfigurationPlatforms) = postSolution
		{6E41EAA2-4C85-4A5D-AC78-6B16B4E044F2}.Debug|Any CPU.ActiveCfg = Debug|Any CPU
		{6E41EAA2-4C85-4A5D-AC78-6B16B4E044F2}.Debug|Any CPU.Build.0 = Debug|Any CPU
		{6E41EAA2-4C85-4A5D-AC78-6B16B4E044F2}.Release|Any CPU.ActiveCfg = Release|Any CPU
		{6E41EAA2-4C85-4A5D-AC78-6B16B4E044F2}.Release|Any CPU.Build.0 = Release|Any CPU
	EndGlobalSection
	GlobalSection(SolutionProperties) = preSolution
		HideSolutionNode = FALSE
	EndGlobalSection
	GlobalSection(ExtensibilityGlobals) = postSolution
		SolutionGuid = {6DB17880-CF26-4980-B7CE-C36CC75AFA48}
	EndGlobalSection
EndGlobal
